
Microsoft Visual Studio Solution File, Format Version 12.00
# Visual Studio Version 16
VisualStudioVersion = 16.0.29609.76
MinimumVisualStudioVersion = 10.0.40219.1
Project("{FAE04EC0-301F-11D3-BF4B-00C04F79EFBC}") = "SortApp", "SortApp\SortApp.csproj", "{4DF5808A-52C9-4109-B494-BDBD7062502A}"
EndProject
Global
	GlobalSection(SolutionConfigurationPlatforms) = preSolution
		Debug|Any CPU = Debug|Any CPU
		Release|Any CPU = Release|Any CPU
	EndGlobalSection
	GlobalSection(ProjectConfigurationPlatforms) = postSolution
		{4DF5808A-52C9-4109-B494-BDBD7062502A}.Debug|Any CPU.ActiveCfg = Debug|Any CPU
		{4DF5808A-52C9-4109-B494-BDBD7062502A}.Debug|Any CPU.Build.0 = Debug|Any CPU
		{4DF5808A-52C9-4109-B494-BDBD7062502A}.Release|Any CPU.ActiveCfg = Release|Any CPU
		{4DF5808A-52C9-4109-B494-BDBD7062502A}.Release|Any CPU.Build.0 = Release|Any CPU
	EndGlobalSection
	GlobalSection(SolutionProperties) = preSolution
		HideSolutionNode = FALSE
	EndGlobalSection
	GlobalSection(ExtensibilityGlobals) = postSolution
		SolutionGuid = {115E2BE0-7FC4-46B1-BED9-1DADA5A309AD}
	EndGlobalSection
EndGlobal
